{
  "version": 4,
  "terraform_version": "1.2.7",
  "serial": 6,
  "lineage": "77eeba42-27b6-6d73-39e0-af3245e096b3",
  "outputs": {
    "access_key": {
      "value": "YCAJEKbd4fFNafSZf7fh-gjGK",
      "type": "string",
      "sensitive": true
    },
    "secret_key": {
      "value": "YCPF1bNyiANYSbgmPppgSxgdBT2bXgE1l7kcJN7P",
      "type": "string",
      "sensitive": true
    }
  },
  "resources": [
    {
      "mode": "managed",
      "type": "yandex_iam_service_account",
      "name": "sa",
      "provider": "provider[\"registry.terraform.io/yandex-cloud/yandex\"]",
      "instances": [
        {
          "schema_version": 0,
          "attributes": {
            "created_at": "2022-08-30T02:50:08Z",
            "description": "",
            "folder_id": "b1g2u0i459rnolcp7599",
            "id": "ajekpjb516numpls1asj",
            "name": "sa-test",
            "timeouts": null
          },
          "sensitive_attributes": [],
          "private": "eyJlMmJmYjczMC1lY2FhLTExZTYtOGY4OC0zNDM2M2JjN2M0YzAiOnsiY3JlYXRlIjo2MDAwMDAwMDAwMCwiZGVsZXRlIjo2MDAwMDAwMDAwMCwidXBkYXRlIjo2MDAwMDAwMDAwMH19"
        }
      ]
    },
    {
      "mode": "managed",
      "type": "yandex_iam_service_account_static_access_key",
      "name": "sa-static-key",
      "provider": "provider[\"registry.terraform.io/yandex-cloud/yandex\"]",
      "instances": [
        {
          "schema_version": 0,
          "attributes": {
            "access_key": "YCAJEKbd4fFNafSZf7fh-gjGK",
            "created_at": "2022-08-30T02:50:09Z",
            "description": "Static access key for object storage",
            "encrypted_secret_key": null,
            "id": "ajeji3trc5jkcb0rlee3",
            "key_fingerprint": null,
            "pgp_key": null,
            "secret_key": "YCPF1bNyiANYSbgmPppgSxgdBT2bXgE1l7kcJN7P",
            "service_account_id": "ajekpjb516numpls1asj"
          },
          "sensitive_attributes": [],
          "private": "bnVsbA==",
          "dependencies": [
            "yandex_iam_service_account.sa"
          ]
        }
      ]
    },
    {
      "mode": "managed",
      "type": "yandex_resourcemanager_folder_iam_member",
      "name": "sa-editor",
      "provider": "provider[\"registry.terraform.io/yandex-cloud/yandex\"]",
      "instances": [
        {
          "schema_version": 0,
          "attributes": {
            "folder_id": "b1g2u0i459rnolcp7599",
            "id": "b1g2u0i459rnolcp7599/editor/serviceAccount:ajekpjb516numpls1asj",
            "member": "serviceAccount:ajekpjb516numpls1asj",
            "role": "editor",
            "sleep_after": null
          },
          "sensitive_attributes": [],
          "private": "bnVsbA==",
          "dependencies": [
            "yandex_iam_service_account.sa"
          ]
        }
      ]
    }
  ]
}
